// !$*UTF8*$!
{
	archiveVersion = 1;
	classes = {
	};
	objectVersion = 50;
	objects = {

/* Begin PBXBuildFile section */
		594E83A32466C28F0011ECC8 /* FeedTableViewCell.swift in Sources */ = {isa = PBXBuildFile; fileRef = 594E83A22466C28F0011ECC8 /* FeedTableViewCell.swift */; };
		59975F232466B0820037B3D0 /* AppDelegate.swift in Sources */ = {isa = PBXBuildFile; fileRef = 59975F222466B0820037B3D0 /* AppDelegate.swift */; };
		59975F252466B0820037B3D0 /* SceneDelegate.swift in Sources */ = {isa = PBXBuildFile; fileRef = 59975F242466B0820037B3D0 /* SceneDelegate.swift */; };
		59975F272466B0820037B3D0 /* FeedViewController.swift in Sources */ = {isa = PBXBuildFile; fileRef = 59975F262466B0820037B3D0 /* FeedViewController.swift */; };
		59975F2A2466B0820037B3D0 /* Main.storyboard in Resources */ = {isa = PBXBuildFile; fileRef = 59975F282466B0820037B3D0 /* Main.storyboard */; };
		59975F2C2466B0830037B3D0 /* Assets.xcassets in Resources */ = {isa = PBXBuildFile; fileRef = 59975F2B2466B0830037B3D0 /* Assets.xcassets */; };
		59975F2F2466B0830037B3D0 /* LaunchScreen.storyboard in Resources */ = {isa = PBXBuildFile; fileRef = 59975F2D2466B0830037B3D0 /* LaunchScreen.storyboard */; };
		59975F3A2466B0840037B3D0 /* XmlParsingTests.swift in Sources */ = {isa = PBXBuildFile; fileRef = 59975F392466B0840037B3D0 /* XmlParsingTests.swift */; };
		59975F452466B0840037B3D0 /* XmlParsingUITests.swift in Sources */ = {isa = PBXBuildFile; fileRef = 59975F442466B0840037B3D0 /* XmlParsingUITests.swift */; };
		59975F532466B13B0037B3D0 /* HttpUtility.swift in Sources */ = {isa = PBXBuildFile; fileRef = 59975F522466B13B0037B3D0 /* HttpUtility.swift */; };
		59975F552466B1540037B3D0 /* XMLParsingUtility.swift in Sources */ = {isa = PBXBuildFile; fileRef = 59975F542466B1540037B3D0 /* XMLParsingUtility.swift */; };
/* End PBXBuildFile section */

/* Begin PBXContainerItemProxy section */
		59975F362466B0840037B3D0 /* PBXContainerItemProxy */ = {
			isa = PBXContainerItemProxy;
			containerPortal = 59975F172466B0820037B3D0 /* Project object */;
			proxyType = 1;
			remoteGlobalIDString = 59975F1E2466B0820037B3D0;
			remoteInfo = XmlParsing;
		};
		59975F412466B0840037B3D0 /* PBXContainerItemProxy */ = {
			isa = PBXContainerItemProxy;
			containerPortal = 59975F172466B0820037B3D0 /* Project object */;
			proxyType = 1;
			remoteGlobalIDString = 59975F1E2466B0820037B3D0;
			remoteInfo = XmlParsing;
		};
/* End PBXContainerItemProxy section */

/* Begin PBXFileReference section */
		594E83A22466C28F0011ECC8 /* FeedTableViewCell.swift */ = {isa = PBXFileReference; lastKnownFileType = sourcecode.swift; path = FeedTableViewCell.swift; sourceTree = "<group>"; };
		59975F1F2466B0820037B3D0 /* XmlParsing.app */ = {isa = PBXFileReference; explicitFileType = wrapper.application; includeInIndex = 0; path = XmlParsing.app; sourceTree = BUILT_PRODUCTS_DIR; };
		59975F222466B0820037B3D0 /* AppDelegate.swift */ = {isa = PBXFileReference; lastKnownFileType = sourcecode.swift; path = AppDelegate.swift; sourceTree = "<group>"; };
		59975F242466B0820037B3D0 /* SceneDelegate.swift */ = {isa = PBXFileReference; lastKnownFileType = sourcecode.swift; path = SceneDelegate.swift; sourceTree = "<group>"; };
		59975F262466B0820037B3D0 /* FeedViewController.swift */ = {isa = PBXFileReference; lastKnownFileType = sourcecode.swift; path = FeedViewController.swift; sourceTree = "<group>"; };
		59975F292466B0820037B3D0 /* Base */ = {isa = PBXFileReference; lastKnownFileType = file.storyboard; name = Base; path = Base.lproj/Main.storyboard; sourceTree = "<group>"; };
		59975F2B2466B0830037B3D0 /* Assets.xcassets */ = {isa = PBXFileReference; lastKnownFileType = folder.assetcatalog; path = Assets.xcassets; sourceTree = "<group>"; };
		59975F2E2466B0830037B3D0 /* Base */ = {isa = PBXFileReference; lastKnownFileType = file.storyboard; name = Base; path = Base.lproj/LaunchScreen.storyboard; sourceTree = "<group>"; };
		59975F302466B0830037B3D0 /* Info.plist */ = {isa = PBXFileReference; lastKnownFileType = text.plist.xml; path = Info.plist; sourceTree = "<group>"; };
		59975F352466B0840037B3D0 /* XmlParsingTests.xctest */ = {isa = PBXFileReference; explicitFileType = wrapper.cfbundle; includeInIndex = 0; path = XmlParsingTests.xctest; sourceTree = BUILT_PRODUCTS_DIR; };
		59975F392466B0840037B3D0 /* XmlParsingTests.swift */ = {isa = PBXFileReference; lastKnownFileType = sourcecode.swift; path = XmlParsingTests.swift; sourceTree = "<group>"; };
		59975F3B2466B0840037B3D0 /* Info.plist */ = {isa = PBXFileReference; lastKnownFileType = text.plist.xml; path = Info.plist; sourceTree = "<group>"; };
		59975F402466B0840037B3D0 /* XmlParsingUITests.xctest */ = {isa = PBXFileReference; explicitFileType = wrapper.cfbundle; includeInIndex = 0; path = XmlParsingUITests.xctest; sourceTree = BUILT_PRODUCTS_DIR; };
		59975F442466B0840037B3D0 /* XmlParsingUITests.swift */ = {isa = PBXFileReference; lastKnownFileType = sourcecode.swift; path = XmlParsingUITests.swift; sourceTree = "<group>"; };
		59975F462466B0840037B3D0 /* Info.plist */ = {isa = PBXFileReference; lastKnownFileType = text.plist.xml; path = Info.plist; sourceTree = "<group>"; };
		59975F522466B13B0037B3D0 /* HttpUtility.swift */ = {isa = PBXFileReference; lastKnownFileType = sourcecode.swift; path = HttpUtility.swift; sourceTree = "<group>"; };
		59975F542466B1540037B3D0 /* XMLParsingUtility.swift */ = {isa = PBXFileReference; lastKnownFileType = sourcecode.swift; path = XMLParsingUtility.swift; sourceTree = "<group>"; };
/* End PBXFileReference section */

/* Begin PBXFrameworksBuildPhase section */
		59975F1C2466B0820037B3D0 /* Frameworks */ = {
			isa = PBXFrameworksBuildPhase;
			buildActionMask = 2147483647;
			files = (
			);
			runOnlyForDeploymentPostprocessing = 0;
		};
		59975F322466B0840037B3D0 /* Frameworks */ = {
			isa = PBXFrameworksBuildPhase;
			buildActionMask = 2147483647;
			files = (
			);
			runOnlyForDeploymentPostprocessing = 0;
		};
		59975F3D2466B0840037B3D0 /* Frameworks */ = {
			isa = PBXFrameworksBuildPhase;
			buildActionMask = 2147483647;
			files = (
			);
			runOnlyForDeploymentPostprocessing = 0;
		};
/* End PBXFrameworksBuildPhase section */

/* Begin PBXGroup section */
		59975F162466B0820037B3D0 = {
			isa = PBXGroup;
			children = (
				59975F212466B0820037B3D0 /* XmlParsing */,
				59975F382466B0840037B3D0 /* XmlParsingTests */,
				59975F432466B0840037B3D0 /* XmlParsingUITests */,
				59975F202466B0820037B3D0 /* Products */,
			);
			sourceTree = "<group>";
		};
		59975F202466B0820037B3D0 /* Products */ = {
			isa = PBXGroup;
			children = (
				59975F1F2466B0820037B3D0 /* XmlParsing.app */,
				59975F352466B0840037B3D0 /* XmlParsingTests.xctest */,
				59975F402466B0840037B3D0 /* XmlParsingUITests.xctest */,
			);
			name = Products;
			sourceTree = "<group>";
		};
		59975F212466B0820037B3D0 /* XmlParsing */ = {
			isa = PBXGroup;
			children = (
				59975F222466B0820037B3D0 /* AppDelegate.swift */,
				59975F242466B0820037B3D0 /* SceneDelegate.swift */,
				59975F262466B0820037B3D0 /* FeedViewController.swift */,
				59975F282466B0820037B3D0 /* Main.storyboard */,
				59975F2B2466B0830037B3D0 /* Assets.xcassets */,
				59975F2D2466B0830037B3D0 /* LaunchScreen.storyboard */,
				59975F302466B0830037B3D0 /* Info.plist */,
				59975F522466B13B0037B3D0 /* HttpUtility.swift */,
				59975F542466B1540037B3D0 /* XMLParsingUtility.swift */,
				594E83A22466C28F0011ECC8 /* FeedTableViewCell.swift */,
			);
			path = XmlParsing;
			sourceTree = "<group>";
		};
		59975F382466B0840037B3D0 /* XmlParsingTests */ = {
			isa = PBXGroup;
			children = (
				59975F392466B0840037B3D0 /* XmlParsingTests.swift */,
				59975F3B2466B0840037B3D0 /* Info.plist */,
			);
			path = XmlParsingTests;
			sourceTree = "<group>";
		};
		59975F432466B0840037B3D0 /* XmlParsingUITests */ = {
			isa = PBXGroup;
			children = (
				59975F442466B0840037B3D0 /* XmlParsingUITests.swift */,
				59975F462466B0840037B3D0 /* Info.plist */,
			);
			path = XmlParsingUITests;
			sourceTree = "<group>";
		};
/* End PBXGroup section */

/* Begin PBXNativeTarget section */
		59975F1E2466B0820037B3D0 /* XmlParsing */ = {
			isa = PBXNativeTarget;
			buildConfigurationList = 59975F492466B0840037B3D0 /* Build configuration list for PBXNativeTarget "XmlParsing" */;
			buildPhases = (
				59975F1B2466B0820037B3D0 /* Sources */,
				59975F1C2466B0820037B3D0 /* Frameworks */,
				59975F1D2466B0820037B3D0 /* Resources */,
			);
			buildRules = (
			);
			dependencies = (
			);
			name = XmlParsing;
			productName = XmlParsing;
			productReference = 59975F1F2466B0820037B3D0 /* XmlParsing.app */;
			productType = "com.apple.product-type.application";
		};
		59975F342466B0840037B3D0 /* XmlParsingTests */ = {
			isa = PBXNativeTarget;
			buildConfigurationList = 59975F4C2466B0840037B3D0 /* Build configuration list for PBXNativeTarget "XmlParsingTests" */;
			buildPhases = (
				59975F312466B0840037B3D0 /* Sources */,
				59975F322466B0840037B3D0 /* Frameworks */,
				59975F332466B0840037B3D0 /* Resources */,
			);
			buildRules = (
			);
			dependencies = (
				59975F372466B0840037B3D0 /* PBXTargetDependency */,
			);
			name = XmlParsingTests;
			productName = XmlParsingTests;
			productReference = 59975F352466B0840037B3D0 /* XmlParsingTests.xctest */;
			productType = "com.apple.product-type.bundle.unit-test";
		};
		59975F3F2466B0840037B3D0 /* XmlParsingUITests */ = {
			isa = PBXNativeTarget;
			buildConfigurationList = 59975F4F2466B0840037B3D0 /* Build configuration list for PBXNativeTarget "XmlParsingUITests" */;
			buildPhases = (
				59975F3C2466B0840037B3D0 /* Sources */,
				59975F3D2466B0840037B3D0 /* Frameworks */,
				59975F3E2466B0840037B3D0 /* Resources */,
			);
			buildRules = (
			);
			dependencies = (
				59975F422466B0840037B3D0 /* PBXTargetDependency */,
			);
			name = XmlParsingUITests;
			productName = XmlParsingUITests;
			productReference = 59975F402466B0840037B3D0 /* XmlParsingUITests.xctest */;
			productType = "com.apple.product-type.bundle.ui-testing";
		};
/* End PBXNativeTarget section */

/* Begin PBXProject section */
		59975F172466B0820037B3D0 /* Project object */ = {
			isa = PBXProject;
			attributes = {
				LastSwiftUpdateCheck = 1120;
				LastUpgradeCheck = 1120;
				ORGANIZATIONNAME = "JAVED SIDDIQUE";
				TargetAttributes = {
					59975F1E2466B0820037B3D0 = {
						CreatedOnToolsVersion = 11.2.1;
					};
					59975F342466B0840037B3D0 = {
						CreatedOnToolsVersion = 11.2.1;
						TestTargetID = 59975F1E2466B0820037B3D0;
					};
					59975F3F2466B0840037B3D0 = {
						CreatedOnToolsVersion = 11.2.1;
						TestTargetID = 59975F1E2466B0820037B3D0;
					};
				};
			};
			buildConfigurationList = 59975F1A2466B0820037B3D0 /* Build configuration list for PBXProject "XmlParsing" */;
			compatibilityVersion = "Xcode 9.3";
			developmentRegion = en;
			hasScannedForEncodings = 0;
			knownRegions = (
				en,
				Base,
			);
			mainGroup = 59975F162466B0820037B3D0;
			productRefGroup = 59975F202466B0820037B3D0 /* Products */;
			projectDirPath = "";
			projectRoot = "";
			targets = (
				59975F1E2466B0820037B3D0 /* XmlParsing */,
				59975F342466B0840037B3D0 /* XmlParsingTests */,
				59975F3F2466B0840037B3D0 /* XmlParsingUITests */,
			);
		};
/* End PBXProject section */

/* Begin PBXResourcesBuildPhase section */
		59975F1D2466B0820037B3D0 /* Resources */ = {
			isa = PBXResourcesBuildPhase;
			buildActionMask = 2147483647;
			files = (
				59975F2F2466B0830037B3D0 /* LaunchScreen.storyboard in Resources */,
				59975F2C2466B0830037B3D0 /* Assets.xcassets in Resources */,
				59975F2A2466B0820037B3D0 /* Main.storyboard in Resources */,
			);
			runOnlyForDeploymentPostprocessing = 0;
		};
		59975F332466B0840037B3D0 /* Resources */ = {
			isa = PBXResourcesBuildPhase;
			buildActionMask = 2147483647;
			files = (
			);
			runOnlyForDeploymentPostprocessing = 0;
		};
		59975F3E2466B0840037B3D0 /* Resources */ = {
			isa = PBXResourcesBuildPhase;
			buildActionMask = 2147483647;
			files = (
			);
			runOnlyForDeploymentPostprocessing = 0;
		};
/* End PBXResourcesBuildPhase section */

/* Begin PBXSourcesBuildPhase section */
		59975F1B2466B0820037B3D0 /* Sources */ = {
			isa = PBXSourcesBuildPhase;
			buildActionMask = 2147483647;
			files = (
				59975F532466B13B0037B3D0 /* HttpUtility.swift in Sources */,
				594E83A32466C28F0011ECC8 /* FeedTableViewCell.swift in Sources */,
				59975F552466B1540037B3D0 /* XMLParsingUtility.swift in Sources */,
				59975F272466B0820037B3D0 /* FeedViewController.swift in Sources */,
				59975F232466B0820037B3D0 /* AppDelegate.swift in Sources */,
				59975F252466B0820037B3D0 /* SceneDelegate.swift in Sources */,
			);
			runOnlyForDeploymentPostprocessing = 0;
		};
		59975F312466B0840037B3D0 /* Sources */ = {
			isa = PBXSourcesBuildPhase;
			buildActionMask = 2147483647;
			files = (
				59975F3A2466B0840037B3D0 /* XmlParsingTests.swift in Sources */,
			);
			runOnlyForDeploymentPostprocessing = 0;
		};
		59975F3C2466B0840037B3D0 /* Sources */ = {
			isa = PBXSourcesBuildPhase;
			buildActionMask = 2147483647;
			files = (
				59975F452466B0840037B3D0 /* XmlParsingUITests.swift in Sources */,
			);
			runOnlyForDeploymentPostprocessing = 0;
		};
/* End PBXSourcesBuildPhase section */

/* Begin PBXTargetDependency section */
		59975F372466B0840037B3D0 /* PBXTargetDependency */ = {
			isa = PBXTargetDependency;
			target = 59975F1E2466B0820037B3D0 /* XmlParsing */;
			targetProxy = 59975F362466B0840037B3D0 /* PBXContainerItemProxy */;
		};
		59975F422466B0840037B3D0 /* PBXTargetDependency */ = {
			isa = PBXTargetDependency;
			target = 59975F1E2466B0820037B3D0 /* XmlParsing */;
			targetProxy = 59975F412466B0840037B3D0 /* PBXContainerItemProxy */;
		};
/* End PBXTargetDependency section */

/* Begin PBXVariantGroup section */
		59975F282466B0820037B3D0 /* Main.storyboard */ = {
			isa = PBXVariantGroup;
			children = (
				59975F292466B0820037B3D0 /* Base */,
			);
			name = Main.storyboard;
			sourceTree = "<group>";
		};
		59975F2D2466B0830037B3D0 /* LaunchScreen.storyboard */ = {
			isa = PBXVariantGroup;
			children = (
				59975F2E2466B0830037B3D0 /* Base */,
			);
			name = LaunchScreen.storyboard;
			sourceTree = "<group>";
		};
/* End PBXVariantGroup section */

/* Begin XCBuildConfiguration section */
		59975F472466B0840037B3D0 /* Debug */ = {
			isa = XCBuildConfiguration;
			buildSettings = {
				ALWAYS_SEARCH_USER_PATHS = NO;
				CLANG_ANALYZER_NONNULL = YES;
				CLANG_ANALYZER_NUMBER_OBJECT_CONVERSION = YES_AGGRESSIVE;
				CLANG_CXX_LANGUAGE_STANDARD = "gnu++14";
				CLANG_CXX_LIBRARY = "libc++";
				CLANG_ENABLE_MODULES = YES;
				CLANG_ENABLE_OBJC_ARC = YES;
				CLANG_ENABLE_OBJC_WEAK = YES;
				CLANG_WARN_BLOCK_CAPTURE_AUTORELEASING = YES;
				CLANG_WARN_BOOL_CONVERSION = YES;
				CLANG_WARN_COMMA = YES;
				CLANG_WARN_CONSTANT_CONVERSION = YES;
				CLANG_WARN_DEPRECATED_OBJC_IMPLEMENTATIONS = YES;
				CLANG_WARN_DIRECT_OBJC_ISA_USAGE = YES_ERROR;
				CLANG_WARN_DOCUMENTATION_COMMENTS = YES;
				CLANG_WARN_EMPTY_BODY = YES;
				CLANG_WARN_ENUM_CONVERSION = YES;
				CLANG_WARN_INFINITE_RECURSION = YES;
				CLANG_WARN_INT_CONVERSION = YES;
				CLANG_WARN_NON_LITERAL_NULL_CONVERSION = YES;
				CLANG_WARN_OBJC_IMPLICIT_RETAIN_SELF = YES;
				CLANG_WARN_OBJC_LITERAL_CONVERSION = YES;
				CLANG_WARN_OBJC_ROOT_CLASS = YES_ERROR;
				CLANG_WARN_RANGE_LOOP_ANALYSIS = YES;
				CLANG_WARN_STRICT_PROTOTYPES = YES;
				CLANG_WARN_SUSPICIOUS_MOVE = YES;
				CLANG_WARN_UNGUARDED_AVAILABILITY = YES_AGGRESSIVE;
				CLANG_WARN_UNREACHABLE_CODE = YES;
				CLANG_WARN__DUPLICATE_METHOD_MATCH = YES;
				COPY_PHASE_STRIP = NO;
				DEBUG_INFORMATION_FORMAT = dwarf;
				ENABLE_STRICT_OBJC_MSGSEND = YES;
				ENABLE_TESTABILITY = YES;
				GCC_C_LANGUAGE_STANDARD = gnu11;
				GCC_DYNAMIC_NO_PIC = NO;
				GCC_NO_COMMON_BLOCKS = YES;
				GCC_OPTIMIZATION_LEVEL = 0;
				GCC_PREPROCESSOR_DEFINITIONS = (
					"DEBUG=1",
					"$(inherited)",
				);
				GCC_WARN_64_TO_32_BIT_CONVERSION = YES;
				GCC_WARN_ABOUT_RETURN_TYPE = YES_ERROR;
				GCC_WARN_UNDECLARED_SELECTOR = YES;
				GCC_WARN_UNINITIALIZED_AUTOS = YES_AGGRESSIVE;
				GCC_WARN_UNUSED_FUNCTION = YES;
				GCC_WARN_UNUSED_VARIABLE = YES;
				IPHONEOS_DEPLOYMENT_TARGET = 13.2;
				MTL_ENABLE_DEBUG_INFO = INCLUDE_SOURCE;
				MTL_FAST_MATH = YES;
				ONLY_ACTIVE_ARCH = YES;
				SDKROOT = iphoneos;
				SWIFT_ACTIVE_COMPILATION_CONDITIONS = DEBUG;
				SWIFT_OPTIMIZATION_LEVEL = "-Onone";
			};
			name = Debug;
		};
		59975F482466B0840037B3D0 /* Release */ = {
			isa = XCBuildConfiguration;
			buildSettings = {
				ALWAYS_SEARCH_USER_PATHS = NO;
				CLANG_ANALYZER_NONNULL = YES;
				CLANG_ANALYZER_NUMBER_OBJECT_CONVERSION = YES_AGGRESSIVE;
				CLANG_CXX_LANGUAGE_STANDARD = "gnu++14";
				CLANG_CXX_LIBRARY = "libc++";
				CLANG_ENABLE_MODULES = YES;
				CLANG_ENABLE_OBJC_ARC = YES;
				CLANG_ENABLE_OBJC_WEAK = YES;
				CLANG_WARN_BLOCK_CAPTURE_AUTORELEASING = YES;
				CLANG_WARN_BOOL_CONVERSION = YES;
				CLANG_WARN_COMMA = YES;
				CLANG_WARN_CONSTANT_CONVERSION = YES;
				CLANG_WARN_DEPRECATED_OBJC_IMPLEMENTATIONS = YES;
				CLANG_WARN_DIRECT_OBJC_ISA_USAGE = YES_ERROR;
				CLANG_WARN_DOCUMENTATION_COMMENTS = YES;
				CLANG_WARN_EMPTY_BODY = YES;
				CLANG_WARN_ENUM_CONVERSION = YES;
				CLANG_WARN_INFINITE_RECURSION = YES;
				CLANG_WARN_INT_CONVERSION = YES;
				CLANG_WARN_NON_LITERAL_NULL_CONVERSION = YES;
				CLANG_WARN_OBJC_IMPLICIT_RETAIN_SELF = YES;
				CLANG_WARN_OBJC_LITERAL_CONVERSION = YES;
				CLANG_WARN_OBJC_ROOT_CLASS = YES_ERROR;
				CLANG_WARN_RANGE_LOOP_ANALYSIS = YES;
				CLANG_WARN_STRICT_PROTOTYPES = YES;
				CLANG_WARN_SUSPICIOUS_MOVE = YES;
				CLANG_WARN_UNGUARDED_AVAILABILITY = YES_AGGRESSIVE;
				CLANG_WARN_UNREACHABLE_CODE = YES;
				CLANG_WARN__DUPLICATE_METHOD_MATCH = YES;
				COPY_PHASE_STRIP = NO;
				DEBUG_INFORMATION_FORMAT = "dwarf-with-dsym";
				ENABLE_NS_ASSERTIONS = NO;
				ENABLE_STRICT_OBJC_MSGSEND = YES;
				GCC_C_LANGUAGE_STANDARD = gnu11;
				GCC_NO_COMMON_BLOCKS = YES;
				GCC_WARN_64_TO_32_BIT_CONVERSION = YES;
				GCC_WARN_ABOUT_RETURN_TYPE = YES_ERROR;
				GCC_WARN_UNDECLARED_SELECTOR = YES;
				GCC_WARN_UNINITIALIZED_AUTOS = YES_AGGRESSIVE;
				GCC_WARN_UNUSED_FUNCTION = YES;
				GCC_WARN_UNUSED_VARIABLE = YES;
				IPHONEOS_DEPLOYMENT_TARGET = 13.2;
				MTL_ENABLE_DEBUG_INFO = NO;
				MTL_FAST_MATH = YES;
				SDKROOT = iphoneos;
				SWIFT_COMPILATION_MODE = wholemodule;
				SWIFT_OPTIMIZATION_LEVEL = "-O";
				VALIDATE_PRODUCT = YES;
			};
			name = Release;
		};
		59975F4A2466B0840037B3D0 /* Debug */ = {
			isa = XCBuildConfiguration;
			buildSettings = {
				ASSETCATALOG_COMPILER_APPICON_NAME = AppIcon;
				CODE_SIGN_STYLE = Automatic;
				INFOPLIST_FILE = XmlParsing/Info.plist;
				LD_RUNPATH_SEARCH_PATHS = (
					"$(inherited)",
					"@executable_path/Frameworks",
				);
				PRODUCT_BUNDLE_IDENTIFIER = in.co.appsquad.XmlParsing;
				PRODUCT_NAME = "$(TARGET_NAME)";
				SWIFT_VERSION = 5.0;
				TARGETED_DEVICE_FAMILY = "1,2";
			};
			name = Debug;
		};
		59975F4B2466B0840037B3D0 /* Release */ = {
			isa = XCBuildConfiguration;
			buildSettings = {
				ASSETCATALOG_COMPILER_APPICON_NAME = AppIcon;
				CODE_SIGN_STYLE = Automatic;
				INFOPLIST_FILE = XmlParsing/Info.plist;
				LD_RUNPATH_SEARCH_PATHS = (
					"$(inherited)",
					"@executable_path/Frameworks",
				);
				PRODUCT_BUNDLE_IDENTIFIER = in.co.appsquad.XmlParsing;
				PRODUCT_NAME = "$(TARGET_NAME)";
				SWIFT_VERSION = 5.0;
				TARGETED_DEVICE_FAMILY = "1,2";
			};
			name = Release;
		};
		59975F4D2466B0840037B3D0 /* Debug */ = {
			isa = XCBuildConfiguration;
			buildSettings = {
				ALWAYS_EMBED_SWIFT_STANDARD_LIBRARIES = YES;
				BUNDLE_LOADER = "$(TEST_HOST)";
				CODE_SIGN_STYLE = Automatic;
				INFOPLIST_FILE = XmlParsingTests/Info.plist;
				IPHONEOS_DEPLOYMENT_TARGET = 13.2;
				LD_RUNPATH_SEARCH_PATHS = (
					"$(inherited)",
					"@executable_path/Frameworks",
					"@loader_path/Frameworks",
				);
				PRODUCT_BUNDLE_IDENTIFIER = in.co.appsquad.XmlParsingTests;
				PRODUCT_NAME = "$(TARGET_NAME)";
				SWIFT_VERSION = 5.0;
				TARGETED_DEVICE_FAMILY = "1,2";
				TEST_HOST = "$(BUILT_PRODUCTS_DIR)/XmlParsing.app/XmlParsing";
			};
			name = Debug;
		};
		59975F4E2466B0840037B3D0 /* Release */ = {
			isa = XCBuildConfiguration;
			buildSettings = {
				ALWAYS_EMBED_SWIFT_STANDARD_LIBRARIES = YES;
				BUNDLE_LOADER = "$(TEST_HOST)";
				CODE_SIGN_STYLE = Automatic;
				INFOPLIST_FILE = XmlParsingTests/Info.plist;
				IPHONEOS_DEPLOYMENT_TARGET = 13.2;
				LD_RUNPATH_SEARCH_PATHS = (
					"$(inherited)",
					"@executable_path/Frameworks",
					"@loader_path/Frameworks",
				);
				PRODUCT_BUNDLE_IDENTIFIER = in.co.appsquad.XmlParsingTests;
				PRODUCT_NAME = "$(TARGET_NAME)";
				SWIFT_VERSION = 5.0;
				TARGETED_DEVICE_FAMILY = "1,2";
				TEST_HOST = "$(BUILT_PRODUCTS_DIR)/XmlParsing.app/XmlParsing";
			};
			name = Release;
		};
		59975F502466B0840037B3D0 /* Debug */ = {
			isa = XCBuildConfiguration;
			buildSettings = {
				ALWAYS_EMBED_SWIFT_STANDARD_LIBRARIES = YES;
				CODE_SIGN_STYLE = Automatic;
				INFOPLIST_FILE = XmlParsingUITests/Info.plist;
				LD_RUNPATH_SEARCH_PATHS = (
					"$(inherited)",
					"@executable_path/Frameworks",
					"@loader_path/Frameworks",
				);
				PRODUCT_BUNDLE_IDENTIFIER = in.co.appsquad.XmlParsingUITests;
				PRODUCT_NAME = "$(TARGET_NAME)";
				SWIFT_VERSION = 5.0;
				TARGETED_DEVICE_FAMILY = "1,2";
				TEST_TARGET_NAME = XmlParsing;
			};
			name = Debug;
		};
		59975F512466B0840037B3D0 /* Release */ = {
			isa = XCBuildConfiguration;
			buildSettings = {
				ALWAYS_EMBED_SWIFT_STANDARD_LIBRARIES = YES;
				CODE_SIGN_STYLE = Automatic;
				INFOPLIST_FILE = XmlParsingUITests/Info.plist;
				LD_RUNPATH_SEARCH_PATHS = (
					"$(inherited)",
					"@executable_path/Frameworks",
					"@loader_path/Frameworks",
				);
				PRODUCT_BUNDLE_IDENTIFIER = in.co.appsquad.XmlParsingUITests;
				PRODUCT_NAME = "$(TARGET_NAME)";
				SWIFT_VERSION = 5.0;
				TARGETED_DEVICE_FAMILY = "1,2";
				TEST_TARGET_NAME = XmlParsing;
			};
			name = Release;
		};
/* End XCBuildConfiguration section */

/* Begin XCConfigurationList section */
		59975F1A2466B0820037B3D0 /* Build configuration list for PBXProject "XmlParsing" */ = {
			isa = XCConfigurationList;
			buildConfigurations = (
				59975F472466B0840037B3D0 /* Debug */,
				59975F482466B0840037B3D0 /* Release */,
			);
			defaultConfigurationIsVisible = 0;
			defaultConfigurationName = Release;
		};
		59975F492466B0840037B3D0 /* Build configuration list for PBXNativeTarget "XmlParsing" */ = {
			isa = XCConfigurationList;
			buildConfigurations = (
				59975F4A2466B0840037B3D0 /* Debug */,
				59975F4B2466B0840037B3D0 /* Release */,
			);
			defaultConfigurationIsVisible = 0;
			defaultConfigurationName = Release;
		};
		59975F4C2466B0840037B3D0 /* Build configuration list for PBXNativeTarget "XmlParsingTests" */ = {
			isa = XCConfigurationList;
			buildConfigurations = (
				59975F4D2466B0840037B3D0 /* Debug */,
				59975F4E2466B0840037B3D0 /* Release */,
			);
			defaultConfigurationIsVisible = 0;
			defaultConfigurationName = Release;
		};
		59975F4F2466B0840037B3D0 /* Build configuration list for PBXNativeTarget "XmlParsingUITests" */ = {
			isa = XCConfigurationList;
			buildConfigurations = (
				59975F502466B0840037B3D0 /* Debug */,
				59975F512466B0840037B3D0 /* Release */,
			);
			defaultConfigurationIsVisible = 0;
			defaultConfigurationName = Release;
		};
/* End XCConfigurationList section */
	};
	rootObject = 59975F172466B0820037B3D0 /* Project object */;
}
